
Microsoft Visual Studio Solution File, Format Version 12.00
# Visual Studio Version 17
VisualStudioVersion = 17.0.32014.148
MinimumVisualStudioVersion = 10.0.40219.1
Project("{FAE04EC0-301F-11D3-BF4B-00C04F79EFBC}") = "test", "test\test.csproj", "{6D5B99A9-BE0D-44BD-AD72-3FCEE13D8F20}"
EndProject
Project("{FAE04EC0-301F-11D3-BF4B-00C04F79EFBC}") = "Test02", "Test002\Test02.csproj", "{57436824-4529-4881-9340-9907C8868A3C}"
EndProject
Project("{FAE04EC0-301F-11D3-BF4B-00C04F79EFBC}") = "test03", "test03\test03.csproj", "{E0D104B0-79DE-4C40-9FE3-1165416A8177}"
EndProject
Project("{FAE04EC0-301F-11D3-BF4B-00C04F79EFBC}") = "test04", "test04\test04.csproj", "{F2F2A690-0A32-40DA-899A-72CD7D02DD53}"
EndProject
Project("{9A19103F-16F7-4668-BE54-9A1E7A4F7556}") = "Test05", "Test05\Test05.csproj", "{6F11896C-4680-44E3-B92A-CD3C8CD06E8B}"
EndProject
Project("{9A19103F-16F7-4668-BE54-9A1E7A4F7556}") = "Test06", "06\Test06.csproj", "{CB785946-E19E-43B8-88D0-C6DDEE900A2A}"
EndProject
Project("{FAE04EC0-301F-11D3-BF4B-00C04F79EFBC}") = "Test07", "Test07\Test07.csproj", "{7018ACD6-E7B0-4FE5-8716-64582D800A39}"
EndProject
Global
	GlobalSection(SolutionConfigurationPlatforms) = preSolution
		Debug|Any CPU = Debug|Any CPU
		Release|Any CPU = Release|Any CPU
	EndGlobalSection
	GlobalSection(ProjectConfigurationPlatforms) = postSolution
		{6D5B99A9-BE0D-44BD-AD72-3FCEE13D8F20}.Debug|Any CPU.ActiveCfg = Debug|Any CPU
		{6D5B99A9-BE0D-44BD-AD72-3FCEE13D8F20}.Debug|Any CPU.Build.0 = Debug|Any CPU
		{6D5B99A9-BE0D-44BD-AD72-3FCEE13D8F20}.Release|Any CPU.ActiveCfg = Release|Any CPU
		{6D5B99A9-BE0D-44BD-AD72-3FCEE13D8F20}.Release|Any CPU.Build.0 = Release|Any CPU
		{57436824-4529-4881-9340-9907C8868A3C}.Debug|Any CPU.ActiveCfg = Debug|Any CPU
		{57436824-4529-4881-9340-9907C8868A3C}.Debug|Any CPU.Build.0 = Debug|Any CPU
		{57436824-4529-4881-9340-9907C8868A3C}.Release|Any CPU.ActiveCfg = Release|Any CPU
		{57436824-4529-4881-9340-9907C8868A3C}.Release|Any CPU.Build.0 = Release|Any CPU
		{E0D104B0-79DE-4C40-9FE3-1165416A8177}.Debug|Any CPU.ActiveCfg = Debug|Any CPU
		{E0D104B0-79DE-4C40-9FE3-1165416A8177}.Debug|Any CPU.Build.0 = Debug|Any CPU
		{E0D104B0-79DE-4C40-9FE3-1165416A8177}.Release|Any CPU.ActiveCfg = Release|Any CPU
		{E0D104B0-79DE-4C40-9FE3-1165416A8177}.Release|Any CPU.Build.0 = Release|Any CPU
		{F2F2A690-0A32-40DA-899A-72CD7D02DD53}.Debug|Any CPU.ActiveCfg = Debug|Any CPU
		{F2F2A690-0A32-40DA-899A-72CD7D02DD53}.Debug|Any CPU.Build.0 = Debug|Any CPU
		{F2F2A690-0A32-40DA-899A-72CD7D02DD53}.Release|Any CPU.ActiveCfg = Release|Any CPU
		{F2F2A690-0A32-40DA-899A-72CD7D02DD53}.Release|Any CPU.Build.0 = Release|Any CPU
		{6F11896C-4680-44E3-B92A-CD3C8CD06E8B}.Debug|Any CPU.ActiveCfg = Debug|Any CPU
		{6F11896C-4680-44E3-B92A-CD3C8CD06E8B}.Debug|Any CPU.Build.0 = Debug|Any CPU
		{6F11896C-4680-44E3-B92A-CD3C8CD06E8B}.Release|Any CPU.ActiveCfg = Release|Any CPU
		{6F11896C-4680-44E3-B92A-CD3C8CD06E8B}.Release|Any CPU.Build.0 = Release|Any CPU
		{CB785946-E19E-43B8-88D0-C6DDEE900A2A}.Debug|Any CPU.ActiveCfg = Debug|Any CPU
		{CB785946-E19E-43B8-88D0-C6DDEE900A2A}.Debug|Any CPU.Build.0 = Debug|Any CPU
		{CB785946-E19E-43B8-88D0-C6DDEE900A2A}.Release|Any CPU.ActiveCfg = Release|Any CPU
		{CB785946-E19E-43B8-88D0-C6DDEE900A2A}.Release|Any CPU.Build.0 = Release|Any CPU
		{7018ACD6-E7B0-4FE5-8716-64582D800A39}.Debug|Any CPU.ActiveCfg = Debug|Any CPU
		{7018ACD6-E7B0-4FE5-8716-64582D800A39}.Debug|Any CPU.Build.0 = Debug|Any CPU
		{7018ACD6-E7B0-4FE5-8716-64582D800A39}.Release|Any CPU.ActiveCfg = Release|Any CPU
		{7018ACD6-E7B0-4FE5-8716-64582D800A39}.Release|Any CPU.Build.0 = Release|Any CPU
	EndGlobalSection
	GlobalSection(SolutionProperties) = preSolution
		HideSolutionNode = FALSE
	EndGlobalSection
	GlobalSection(ExtensibilityGlobals) = postSolution
		SolutionGuid = {63A494C5-664E-407B-A9AE-26D16A5E8F89}
	EndGlobalSection
EndGlobal
