
Microsoft Visual Studio Solution File, Format Version 12.00
# Visual Studio Version 17
VisualStudioVersion = 17.0.32112.339
MinimumVisualStudioVersion = 10.0.40219.1
Project("{FAE04EC0-301F-11D3-BF4B-00C04F79EFBC}") = "02_11_2022", "02_11_2022\02_11_2022.csproj", "{0ACB814A-6131-49B0-A3BA-82D1114C39EE}"
EndProject
Global
	GlobalSection(SolutionConfigurationPlatforms) = preSolution
		Debug|Any CPU = Debug|Any CPU
		Release|Any CPU = Release|Any CPU
	EndGlobalSection
	GlobalSection(ProjectConfigurationPlatforms) = postSolution
		{0ACB814A-6131-49B0-A3BA-82D1114C39EE}.Debug|Any CPU.ActiveCfg = Debug|Any CPU
		{0ACB814A-6131-49B0-A3BA-82D1114C39EE}.Debug|Any CPU.Build.0 = Debug|Any CPU
		{0ACB814A-6131-49B0-A3BA-82D1114C39EE}.Release|Any CPU.ActiveCfg = Release|Any CPU
		{0ACB814A-6131-49B0-A3BA-82D1114C39EE}.Release|Any CPU.Build.0 = Release|Any CPU
	EndGlobalSection
	GlobalSection(SolutionProperties) = preSolution
		HideSolutionNode = FALSE
	EndGlobalSection
	GlobalSection(ExtensibilityGlobals) = postSolution
		SolutionGuid = {FCE556F7-804A-4C66-BB3D-C9DD1AB2CACF}
	EndGlobalSection
EndGlobal
