
Microsoft Visual Studio Solution File, Format Version 12.00
# Visual Studio Version 17
VisualStudioVersion = 17.0.32112.339
MinimumVisualStudioVersion = 10.0.40219.1
Project("{FAE04EC0-301F-11D3-BF4B-00C04F79EFBC}") = "Records", "Records\Records.csproj", "{C2EF978B-AA59-475F-AF4E-B5ADE2E4B40B}"
EndProject
Global
	GlobalSection(SolutionConfigurationPlatforms) = preSolution
		Debug|Any CPU = Debug|Any CPU
		Release|Any CPU = Release|Any CPU
	EndGlobalSection
	GlobalSection(ProjectConfigurationPlatforms) = postSolution
		{C2EF978B-AA59-475F-AF4E-B5ADE2E4B40B}.Debug|Any CPU.ActiveCfg = Debug|Any CPU
		{C2EF978B-AA59-475F-AF4E-B5ADE2E4B40B}.Debug|Any CPU.Build.0 = Debug|Any CPU
		{C2EF978B-AA59-475F-AF4E-B5ADE2E4B40B}.Release|Any CPU.ActiveCfg = Release|Any CPU
		{C2EF978B-AA59-475F-AF4E-B5ADE2E4B40B}.Release|Any CPU.Build.0 = Release|Any CPU
	EndGlobalSection
	GlobalSection(SolutionProperties) = preSolution
		HideSolutionNode = FALSE
	EndGlobalSection
	GlobalSection(ExtensibilityGlobals) = postSolution
		SolutionGuid = {27D661DF-2164-452F-852D-3226C5E87159}
	EndGlobalSection
EndGlobal
