
Microsoft Visual Studio Solution File, Format Version 12.00
# Visual Studio Version 17
VisualStudioVersion = 17.0.32112.339
MinimumVisualStudioVersion = 10.0.40219.1
Project("{FAE04EC0-301F-11D3-BF4B-00C04F79EFBC}") = "OOP_5", "OOP_5\OOP_5.csproj", "{B7F990B9-CD98-44A3-A8C5-3AFDAD59D751}"
EndProject
Global
	GlobalSection(SolutionConfigurationPlatforms) = preSolution
		Debug|Any CPU = Debug|Any CPU
		Release|Any CPU = Release|Any CPU
	EndGlobalSection
	GlobalSection(ProjectConfigurationPlatforms) = postSolution
		{B7F990B9-CD98-44A3-A8C5-3AFDAD59D751}.Debug|Any CPU.ActiveCfg = Debug|Any CPU
		{B7F990B9-CD98-44A3-A8C5-3AFDAD59D751}.Debug|Any CPU.Build.0 = Debug|Any CPU
		{B7F990B9-CD98-44A3-A8C5-3AFDAD59D751}.Release|Any CPU.ActiveCfg = Release|Any CPU
		{B7F990B9-CD98-44A3-A8C5-3AFDAD59D751}.Release|Any CPU.Build.0 = Release|Any CPU
	EndGlobalSection
	GlobalSection(SolutionProperties) = preSolution
		HideSolutionNode = FALSE
	EndGlobalSection
	GlobalSection(ExtensibilityGlobals) = postSolution
		SolutionGuid = {823F558F-BC81-4C1A-A96F-4A7F0EE40EB5}
	EndGlobalSection
EndGlobal
