
Microsoft Visual Studio Solution File, Format Version 12.00
# Visual Studio Version 17
VisualStudioVersion = 17.0.32014.148
MinimumVisualStudioVersion = 10.0.40219.1
Project("{FAE04EC0-301F-11D3-BF4B-00C04F79EFBC}") = "004", "004\004.csproj", "{3A0F408E-EE00-45FA-9280-3AEF85B75ED5}"
EndProject
Project("{FAE04EC0-301F-11D3-BF4B-00C04F79EFBC}") = "005", "005\005.csproj", "{ADC5EEDB-57EC-44E0-AC92-EAF3B9AE3DFD}"
EndProject
Global
	GlobalSection(SolutionConfigurationPlatforms) = preSolution
		Debug|Any CPU = Debug|Any CPU
		Release|Any CPU = Release|Any CPU
	EndGlobalSection
	GlobalSection(ProjectConfigurationPlatforms) = postSolution
		{3A0F408E-EE00-45FA-9280-3AEF85B75ED5}.Debug|Any CPU.ActiveCfg = Debug|Any CPU
		{3A0F408E-EE00-45FA-9280-3AEF85B75ED5}.Debug|Any CPU.Build.0 = Debug|Any CPU
		{3A0F408E-EE00-45FA-9280-3AEF85B75ED5}.Release|Any CPU.ActiveCfg = Release|Any CPU
		{3A0F408E-EE00-45FA-9280-3AEF85B75ED5}.Release|Any CPU.Build.0 = Release|Any CPU
		{ADC5EEDB-57EC-44E0-AC92-EAF3B9AE3DFD}.Debug|Any CPU.ActiveCfg = Debug|Any CPU
		{ADC5EEDB-57EC-44E0-AC92-EAF3B9AE3DFD}.Debug|Any CPU.Build.0 = Debug|Any CPU
		{ADC5EEDB-57EC-44E0-AC92-EAF3B9AE3DFD}.Release|Any CPU.ActiveCfg = Release|Any CPU
		{ADC5EEDB-57EC-44E0-AC92-EAF3B9AE3DFD}.Release|Any CPU.Build.0 = Release|Any CPU
	EndGlobalSection
	GlobalSection(SolutionProperties) = preSolution
		HideSolutionNode = FALSE
	EndGlobalSection
	GlobalSection(ExtensibilityGlobals) = postSolution
		SolutionGuid = {5A37110F-22FB-4716-8B26-9BFAC63340C4}
	EndGlobalSection
EndGlobal
