
Microsoft Visual Studio Solution File, Format Version 12.00
# Visual Studio Version 17
VisualStudioVersion = 17.1.32228.430
MinimumVisualStudioVersion = 10.0.40219.1
Project("{9A19103F-16F7-4668-BE54-9A1E7A4F7556}") = "ASP_DB_Connected", "ASP_DB_Connected\ASP_DB_Connected.csproj", "{28BB4B54-44DA-42D1-86D4-3A0B44982BBD}"
EndProject
Project("{FAE04EC0-301F-11D3-BF4B-00C04F79EFBC}") = "DataLayer", "DataLayer\DataLayer.csproj", "{20C8CDCB-4587-4F0E-884F-35C01B281407}"
EndProject
Global
	GlobalSection(SolutionConfigurationPlatforms) = preSolution
		Debug|Any CPU = Debug|Any CPU
		Release|Any CPU = Release|Any CPU
	EndGlobalSection
	GlobalSection(ProjectConfigurationPlatforms) = postSolution
		{28BB4B54-44DA-42D1-86D4-3A0B44982BBD}.Debug|Any CPU.ActiveCfg = Debug|Any CPU
		{28BB4B54-44DA-42D1-86D4-3A0B44982BBD}.Debug|Any CPU.Build.0 = Debug|Any CPU
		{28BB4B54-44DA-42D1-86D4-3A0B44982BBD}.Release|Any CPU.ActiveCfg = Release|Any CPU
		{28BB4B54-44DA-42D1-86D4-3A0B44982BBD}.Release|Any CPU.Build.0 = Release|Any CPU
		{20C8CDCB-4587-4F0E-884F-35C01B281407}.Debug|Any CPU.ActiveCfg = Debug|Any CPU
		{20C8CDCB-4587-4F0E-884F-35C01B281407}.Debug|Any CPU.Build.0 = Debug|Any CPU
		{20C8CDCB-4587-4F0E-884F-35C01B281407}.Release|Any CPU.ActiveCfg = Release|Any CPU
		{20C8CDCB-4587-4F0E-884F-35C01B281407}.Release|Any CPU.Build.0 = Release|Any CPU
	EndGlobalSection
	GlobalSection(SolutionProperties) = preSolution
		HideSolutionNode = FALSE
	EndGlobalSection
	GlobalSection(ExtensibilityGlobals) = postSolution
		SolutionGuid = {6463A22A-5CCA-42F6-94CD-04C0BDB91F42}
	EndGlobalSection
EndGlobal
