
Microsoft Visual Studio Solution File, Format Version 12.00
# Visual Studio Version 17
VisualStudioVersion = 17.0.32014.148
MinimumVisualStudioVersion = 10.0.40219.1
Project("{FAE04EC0-301F-11D3-BF4B-00C04F79EFBC}") = "01252022", "01252022\01252022.csproj", "{B5E9C08E-B6E3-4671-B0E6-ACFCBA61BFE7}"
EndProject
Project("{2150E333-8FDC-42A3-9474-1A3956D46DE8}") = "Solution Items", "Solution Items", "{59BB70CE-EFAE-4CED-9875-E6585F61F1E0}"
EndProject
Global
	GlobalSection(SolutionConfigurationPlatforms) = preSolution
		Debug|Any CPU = Debug|Any CPU
		Release|Any CPU = Release|Any CPU
	EndGlobalSection
	GlobalSection(ProjectConfigurationPlatforms) = postSolution
		{B5E9C08E-B6E3-4671-B0E6-ACFCBA61BFE7}.Debug|Any CPU.ActiveCfg = Debug|Any CPU
		{B5E9C08E-B6E3-4671-B0E6-ACFCBA61BFE7}.Debug|Any CPU.Build.0 = Debug|Any CPU
		{B5E9C08E-B6E3-4671-B0E6-ACFCBA61BFE7}.Release|Any CPU.ActiveCfg = Release|Any CPU
		{B5E9C08E-B6E3-4671-B0E6-ACFCBA61BFE7}.Release|Any CPU.Build.0 = Release|Any CPU
	EndGlobalSection
	GlobalSection(SolutionProperties) = preSolution
		HideSolutionNode = FALSE
	EndGlobalSection
	GlobalSection(ExtensibilityGlobals) = postSolution
		SolutionGuid = {6DC8D2D4-443B-4392-8B80-612C8389D314}
	EndGlobalSection
EndGlobal
