
Microsoft Visual Studio Solution File, Format Version 12.00
# Visual Studio Version 17
VisualStudioVersion = 17.0.32112.339
MinimumVisualStudioVersion = 10.0.40219.1
Project("{FAE04EC0-301F-11D3-BF4B-00C04F79EFBC}") = "Delagate", "Delagate\Delagate.csproj", "{059EFD31-7519-45C7-9A20-CE93308996EE}"
EndProject
Global
	GlobalSection(SolutionConfigurationPlatforms) = preSolution
		Debug|Any CPU = Debug|Any CPU
		Release|Any CPU = Release|Any CPU
	EndGlobalSection
	GlobalSection(ProjectConfigurationPlatforms) = postSolution
		{059EFD31-7519-45C7-9A20-CE93308996EE}.Debug|Any CPU.ActiveCfg = Debug|Any CPU
		{059EFD31-7519-45C7-9A20-CE93308996EE}.Debug|Any CPU.Build.0 = Debug|Any CPU
		{059EFD31-7519-45C7-9A20-CE93308996EE}.Release|Any CPU.ActiveCfg = Release|Any CPU
		{059EFD31-7519-45C7-9A20-CE93308996EE}.Release|Any CPU.Build.0 = Release|Any CPU
	EndGlobalSection
	GlobalSection(SolutionProperties) = preSolution
		HideSolutionNode = FALSE
	EndGlobalSection
	GlobalSection(ExtensibilityGlobals) = postSolution
		SolutionGuid = {D8C684CC-9628-42F6-ADB6-2D38AEBC2622}
	EndGlobalSection
EndGlobal
