
Microsoft Visual Studio Solution File, Format Version 12.00
# Visual Studio Version 17
VisualStudioVersion = 17.0.32014.148
MinimumVisualStudioVersion = 10.0.40219.1
Project("{FAE04EC0-301F-11D3-BF4B-00C04F79EFBC}") = "014", "014\014.csproj", "{DEBD9A3F-E8FB-42E0-864F-A98D652A17A5}"
EndProject
Project("{FAE04EC0-301F-11D3-BF4B-00C04F79EFBC}") = "015", "015\015.csproj", "{08DA5114-DEBB-424F-B234-F1BAFD6C339F}"
EndProject
Global
	GlobalSection(SolutionConfigurationPlatforms) = preSolution
		Debug|Any CPU = Debug|Any CPU
		Release|Any CPU = Release|Any CPU
	EndGlobalSection
	GlobalSection(ProjectConfigurationPlatforms) = postSolution
		{DEBD9A3F-E8FB-42E0-864F-A98D652A17A5}.Debug|Any CPU.ActiveCfg = Debug|Any CPU
		{DEBD9A3F-E8FB-42E0-864F-A98D652A17A5}.Debug|Any CPU.Build.0 = Debug|Any CPU
		{DEBD9A3F-E8FB-42E0-864F-A98D652A17A5}.Release|Any CPU.ActiveCfg = Release|Any CPU
		{DEBD9A3F-E8FB-42E0-864F-A98D652A17A5}.Release|Any CPU.Build.0 = Release|Any CPU
		{08DA5114-DEBB-424F-B234-F1BAFD6C339F}.Debug|Any CPU.ActiveCfg = Debug|Any CPU
		{08DA5114-DEBB-424F-B234-F1BAFD6C339F}.Debug|Any CPU.Build.0 = Debug|Any CPU
		{08DA5114-DEBB-424F-B234-F1BAFD6C339F}.Release|Any CPU.ActiveCfg = Release|Any CPU
		{08DA5114-DEBB-424F-B234-F1BAFD6C339F}.Release|Any CPU.Build.0 = Release|Any CPU
	EndGlobalSection
	GlobalSection(SolutionProperties) = preSolution
		HideSolutionNode = FALSE
	EndGlobalSection
	GlobalSection(ExtensibilityGlobals) = postSolution
		SolutionGuid = {D03CE792-B54A-42A2-B68E-7159DA31AF4D}
	EndGlobalSection
EndGlobal
