
Microsoft Visual Studio Solution File, Format Version 12.00
# Visual Studio Version 17
VisualStudioVersion = 17.0.32014.148
MinimumVisualStudioVersion = 10.0.40219.1
Project("{FAE04EC0-301F-11D3-BF4B-00C04F79EFBC}") = "01_31_2022-4", "01_31_2022-3\01_31_2022-4.csproj", "{A69B5BD1-4880-4B5F-A317-3BBB1459B89E}"
EndProject
Global
	GlobalSection(SolutionConfigurationPlatforms) = preSolution
		Debug|Any CPU = Debug|Any CPU
		Release|Any CPU = Release|Any CPU
	EndGlobalSection
	GlobalSection(ProjectConfigurationPlatforms) = postSolution
		{A69B5BD1-4880-4B5F-A317-3BBB1459B89E}.Debug|Any CPU.ActiveCfg = Debug|Any CPU
		{A69B5BD1-4880-4B5F-A317-3BBB1459B89E}.Debug|Any CPU.Build.0 = Debug|Any CPU
		{A69B5BD1-4880-4B5F-A317-3BBB1459B89E}.Release|Any CPU.ActiveCfg = Release|Any CPU
		{A69B5BD1-4880-4B5F-A317-3BBB1459B89E}.Release|Any CPU.Build.0 = Release|Any CPU
	EndGlobalSection
	GlobalSection(SolutionProperties) = preSolution
		HideSolutionNode = FALSE
	EndGlobalSection
	GlobalSection(ExtensibilityGlobals) = postSolution
		SolutionGuid = {06EC1ABD-14DB-4558-B7B3-B41082C6037C}
	EndGlobalSection
EndGlobal
