
Microsoft Visual Studio Solution File, Format Version 12.00
# Visual Studio Version 17
VisualStudioVersion = 17.0.32014.148
MinimumVisualStudioVersion = 10.0.40219.1
Project("{FAE04EC0-301F-11D3-BF4B-00C04F79EFBC}") = "033-034", "033-034\033-034.csproj", "{19C4AA47-7F1D-479F-B623-C74DB4F39564}"
EndProject
Project("{FAE04EC0-301F-11D3-BF4B-00C04F79EFBC}") = "034", "034\034.csproj", "{4E2A3B2F-1571-4FE0-9106-05EFFEFBFE24}"
EndProject
Project("{FAE04EC0-301F-11D3-BF4B-00C04F79EFBC}") = "034+", "034+\034+.csproj", "{C1E24B63-AD6D-4A26-A9AF-748F7A651165}"
EndProject
Global
	GlobalSection(SolutionConfigurationPlatforms) = preSolution
		Debug|Any CPU = Debug|Any CPU
		Release|Any CPU = Release|Any CPU
	EndGlobalSection
	GlobalSection(ProjectConfigurationPlatforms) = postSolution
		{19C4AA47-7F1D-479F-B623-C74DB4F39564}.Debug|Any CPU.ActiveCfg = Debug|Any CPU
		{19C4AA47-7F1D-479F-B623-C74DB4F39564}.Debug|Any CPU.Build.0 = Debug|Any CPU
		{19C4AA47-7F1D-479F-B623-C74DB4F39564}.Release|Any CPU.ActiveCfg = Release|Any CPU
		{19C4AA47-7F1D-479F-B623-C74DB4F39564}.Release|Any CPU.Build.0 = Release|Any CPU
		{4E2A3B2F-1571-4FE0-9106-05EFFEFBFE24}.Debug|Any CPU.ActiveCfg = Debug|Any CPU
		{4E2A3B2F-1571-4FE0-9106-05EFFEFBFE24}.Debug|Any CPU.Build.0 = Debug|Any CPU
		{4E2A3B2F-1571-4FE0-9106-05EFFEFBFE24}.Release|Any CPU.ActiveCfg = Release|Any CPU
		{4E2A3B2F-1571-4FE0-9106-05EFFEFBFE24}.Release|Any CPU.Build.0 = Release|Any CPU
		{C1E24B63-AD6D-4A26-A9AF-748F7A651165}.Debug|Any CPU.ActiveCfg = Debug|Any CPU
		{C1E24B63-AD6D-4A26-A9AF-748F7A651165}.Debug|Any CPU.Build.0 = Debug|Any CPU
		{C1E24B63-AD6D-4A26-A9AF-748F7A651165}.Release|Any CPU.ActiveCfg = Release|Any CPU
		{C1E24B63-AD6D-4A26-A9AF-748F7A651165}.Release|Any CPU.Build.0 = Release|Any CPU
	EndGlobalSection
	GlobalSection(SolutionProperties) = preSolution
		HideSolutionNode = FALSE
	EndGlobalSection
	GlobalSection(ExtensibilityGlobals) = postSolution
		SolutionGuid = {224C518C-1BB1-46CF-8E28-8309D9CE5036}
	EndGlobalSection
EndGlobal
