
Microsoft Visual Studio Solution File, Format Version 12.00
# Visual Studio Version 17
VisualStudioVersion = 17.1.32228.430
MinimumVisualStudioVersion = 10.0.40219.1
Project("{FAE04EC0-301F-11D3-BF4B-00C04F79EFBC}") = "EntityFramework", "EntityFramework\EntityFramework.csproj", "{941C75EF-7AA8-41C9-ADCC-F89B041EC2FB}"
EndProject
Project("{FAE04EC0-301F-11D3-BF4B-00C04F79EFBC}") = "DBFirstApp", "DBFirstApp\DBFirstApp.csproj", "{D11C40E4-AC5C-45C5-95FC-DF4A83D9C0C7}"
EndProject
Global
	GlobalSection(SolutionConfigurationPlatforms) = preSolution
		Debug|Any CPU = Debug|Any CPU
		Release|Any CPU = Release|Any CPU
	EndGlobalSection
	GlobalSection(ProjectConfigurationPlatforms) = postSolution
		{941C75EF-7AA8-41C9-ADCC-F89B041EC2FB}.Debug|Any CPU.ActiveCfg = Debug|Any CPU
		{941C75EF-7AA8-41C9-ADCC-F89B041EC2FB}.Debug|Any CPU.Build.0 = Debug|Any CPU
		{941C75EF-7AA8-41C9-ADCC-F89B041EC2FB}.Release|Any CPU.ActiveCfg = Release|Any CPU
		{941C75EF-7AA8-41C9-ADCC-F89B041EC2FB}.Release|Any CPU.Build.0 = Release|Any CPU
		{D11C40E4-AC5C-45C5-95FC-DF4A83D9C0C7}.Debug|Any CPU.ActiveCfg = Debug|Any CPU
		{D11C40E4-AC5C-45C5-95FC-DF4A83D9C0C7}.Debug|Any CPU.Build.0 = Debug|Any CPU
		{D11C40E4-AC5C-45C5-95FC-DF4A83D9C0C7}.Release|Any CPU.ActiveCfg = Release|Any CPU
		{D11C40E4-AC5C-45C5-95FC-DF4A83D9C0C7}.Release|Any CPU.Build.0 = Release|Any CPU
	EndGlobalSection
	GlobalSection(SolutionProperties) = preSolution
		HideSolutionNode = FALSE
	EndGlobalSection
	GlobalSection(ExtensibilityGlobals) = postSolution
		SolutionGuid = {66CACBE3-D3A1-4162-9536-B681E6E7B7E5}
	EndGlobalSection
EndGlobal
