
Microsoft Visual Studio Solution File, Format Version 12.00
# Visual Studio Version 17
VisualStudioVersion = 17.0.32014.148
MinimumVisualStudioVersion = 10.0.40219.1
Project("{FAE04EC0-301F-11D3-BF4B-00C04F79EFBC}") = "008", "008\008.csproj", "{D6BECF39-F35E-41EB-A299-E57230D0581F}"
EndProject
Project("{FAE04EC0-301F-11D3-BF4B-00C04F79EFBC}") = "009", "009\009.csproj", "{F30914CA-89F5-47A0-B9CF-23BBA867CFD3}"
EndProject
Project("{FAE04EC0-301F-11D3-BF4B-00C04F79EFBC}") = "010", "010\010.csproj", "{64C370D2-FA5A-4E21-A022-9394A6BFF750}"
EndProject
Global
	GlobalSection(SolutionConfigurationPlatforms) = preSolution
		Debug|Any CPU = Debug|Any CPU
		Release|Any CPU = Release|Any CPU
	EndGlobalSection
	GlobalSection(ProjectConfigurationPlatforms) = postSolution
		{D6BECF39-F35E-41EB-A299-E57230D0581F}.Debug|Any CPU.ActiveCfg = Debug|Any CPU
		{D6BECF39-F35E-41EB-A299-E57230D0581F}.Debug|Any CPU.Build.0 = Debug|Any CPU
		{D6BECF39-F35E-41EB-A299-E57230D0581F}.Release|Any CPU.ActiveCfg = Release|Any CPU
		{D6BECF39-F35E-41EB-A299-E57230D0581F}.Release|Any CPU.Build.0 = Release|Any CPU
		{F30914CA-89F5-47A0-B9CF-23BBA867CFD3}.Debug|Any CPU.ActiveCfg = Debug|Any CPU
		{F30914CA-89F5-47A0-B9CF-23BBA867CFD3}.Debug|Any CPU.Build.0 = Debug|Any CPU
		{F30914CA-89F5-47A0-B9CF-23BBA867CFD3}.Release|Any CPU.ActiveCfg = Release|Any CPU
		{F30914CA-89F5-47A0-B9CF-23BBA867CFD3}.Release|Any CPU.Build.0 = Release|Any CPU
		{64C370D2-FA5A-4E21-A022-9394A6BFF750}.Debug|Any CPU.ActiveCfg = Debug|Any CPU
		{64C370D2-FA5A-4E21-A022-9394A6BFF750}.Debug|Any CPU.Build.0 = Debug|Any CPU
		{64C370D2-FA5A-4E21-A022-9394A6BFF750}.Release|Any CPU.ActiveCfg = Release|Any CPU
		{64C370D2-FA5A-4E21-A022-9394A6BFF750}.Release|Any CPU.Build.0 = Release|Any CPU
	EndGlobalSection
	GlobalSection(SolutionProperties) = preSolution
		HideSolutionNode = FALSE
	EndGlobalSection
	GlobalSection(ExtensibilityGlobals) = postSolution
		SolutionGuid = {835EBD5E-7C7A-46A8-A351-1E5FD5A35F4F}
	EndGlobalSection
EndGlobal
