
Microsoft Visual Studio Solution File, Format Version 12.00
# Visual Studio Version 17
VisualStudioVersion = 17.0.32014.148
MinimumVisualStudioVersion = 10.0.40219.1
Project("{FAE04EC0-301F-11D3-BF4B-00C04F79EFBC}") = "02_05_2022-2", "02_05_2022-2\02_05_2022-2.csproj", "{D8BE037D-54E3-4784-B28A-C8BDC775206F}"
EndProject
Global
	GlobalSection(SolutionConfigurationPlatforms) = preSolution
		Debug|Any CPU = Debug|Any CPU
		Release|Any CPU = Release|Any CPU
	EndGlobalSection
	GlobalSection(ProjectConfigurationPlatforms) = postSolution
		{D8BE037D-54E3-4784-B28A-C8BDC775206F}.Debug|Any CPU.ActiveCfg = Debug|Any CPU
		{D8BE037D-54E3-4784-B28A-C8BDC775206F}.Debug|Any CPU.Build.0 = Debug|Any CPU
		{D8BE037D-54E3-4784-B28A-C8BDC775206F}.Release|Any CPU.ActiveCfg = Release|Any CPU
		{D8BE037D-54E3-4784-B28A-C8BDC775206F}.Release|Any CPU.Build.0 = Release|Any CPU
	EndGlobalSection
	GlobalSection(SolutionProperties) = preSolution
		HideSolutionNode = FALSE
	EndGlobalSection
	GlobalSection(ExtensibilityGlobals) = postSolution
		SolutionGuid = {91105866-1164-4230-A231-70933B64A8D4}
	EndGlobalSection
EndGlobal
