
Microsoft Visual Studio Solution File, Format Version 12.00
# Visual Studio Version 17
VisualStudioVersion = 17.0.32112.339
MinimumVisualStudioVersion = 10.0.40219.1
Project("{FAE04EC0-301F-11D3-BF4B-00C04F79EFBC}") = "Polindrome@", "Polindrome@\Polindrome@.csproj", "{5F639AC0-EEE0-4291-9B8C-30FCB84E95E7}"
EndProject
Global
	GlobalSection(SolutionConfigurationPlatforms) = preSolution
		Debug|Any CPU = Debug|Any CPU
		Release|Any CPU = Release|Any CPU
	EndGlobalSection
	GlobalSection(ProjectConfigurationPlatforms) = postSolution
		{5F639AC0-EEE0-4291-9B8C-30FCB84E95E7}.Debug|Any CPU.ActiveCfg = Debug|Any CPU
		{5F639AC0-EEE0-4291-9B8C-30FCB84E95E7}.Debug|Any CPU.Build.0 = Debug|Any CPU
		{5F639AC0-EEE0-4291-9B8C-30FCB84E95E7}.Release|Any CPU.ActiveCfg = Release|Any CPU
		{5F639AC0-EEE0-4291-9B8C-30FCB84E95E7}.Release|Any CPU.Build.0 = Release|Any CPU
	EndGlobalSection
	GlobalSection(SolutionProperties) = preSolution
		HideSolutionNode = FALSE
	EndGlobalSection
	GlobalSection(ExtensibilityGlobals) = postSolution
		SolutionGuid = {3E3CD14C-DD5C-45B1-9B8B-E29716884466}
	EndGlobalSection
EndGlobal
