
Microsoft Visual Studio Solution File, Format Version 12.00
# Visual Studio Version 17
VisualStudioVersion = 17.0.32014.148
MinimumVisualStudioVersion = 10.0.40219.1
Project("{FAE04EC0-301F-11D3-BF4B-00C04F79EFBC}") = "013", "013\013.csproj", "{CFD66494-8ED1-4FD2-8A2A-7D6FD89F3CCE}"
EndProject
Global
	GlobalSection(SolutionConfigurationPlatforms) = preSolution
		Debug|Any CPU = Debug|Any CPU
		Release|Any CPU = Release|Any CPU
	EndGlobalSection
	GlobalSection(ProjectConfigurationPlatforms) = postSolution
		{CFD66494-8ED1-4FD2-8A2A-7D6FD89F3CCE}.Debug|Any CPU.ActiveCfg = Debug|Any CPU
		{CFD66494-8ED1-4FD2-8A2A-7D6FD89F3CCE}.Debug|Any CPU.Build.0 = Debug|Any CPU
		{CFD66494-8ED1-4FD2-8A2A-7D6FD89F3CCE}.Release|Any CPU.ActiveCfg = Release|Any CPU
		{CFD66494-8ED1-4FD2-8A2A-7D6FD89F3CCE}.Release|Any CPU.Build.0 = Release|Any CPU
	EndGlobalSection
	GlobalSection(SolutionProperties) = preSolution
		HideSolutionNode = FALSE
	EndGlobalSection
	GlobalSection(ExtensibilityGlobals) = postSolution
		SolutionGuid = {CCC260BA-3070-4DBE-ACBE-2900BA2CC9EF}
	EndGlobalSection
EndGlobal
