
Microsoft Visual Studio Solution File, Format Version 12.00
# Visual Studio Version 17
VisualStudioVersion = 17.0.32014.148
MinimumVisualStudioVersion = 10.0.40219.1
Project("{FAE04EC0-301F-11D3-BF4B-00C04F79EFBC}") = "048-053", "048-053\048-053.csproj", "{071C9EA4-90A8-4F5D-952F-A083A3E095F7}"
EndProject
Global
	GlobalSection(SolutionConfigurationPlatforms) = preSolution
		Debug|Any CPU = Debug|Any CPU
		Release|Any CPU = Release|Any CPU
	EndGlobalSection
	GlobalSection(ProjectConfigurationPlatforms) = postSolution
		{071C9EA4-90A8-4F5D-952F-A083A3E095F7}.Debug|Any CPU.ActiveCfg = Debug|Any CPU
		{071C9EA4-90A8-4F5D-952F-A083A3E095F7}.Debug|Any CPU.Build.0 = Debug|Any CPU
		{071C9EA4-90A8-4F5D-952F-A083A3E095F7}.Release|Any CPU.ActiveCfg = Release|Any CPU
		{071C9EA4-90A8-4F5D-952F-A083A3E095F7}.Release|Any CPU.Build.0 = Release|Any CPU
	EndGlobalSection
	GlobalSection(SolutionProperties) = preSolution
		HideSolutionNode = FALSE
	EndGlobalSection
	GlobalSection(ExtensibilityGlobals) = postSolution
		SolutionGuid = {D6519966-F065-40FA-BAC8-3C988D3DF009}
	EndGlobalSection
EndGlobal
