
Microsoft Visual Studio Solution File, Format Version 12.00
# Visual Studio Version 17
VisualStudioVersion = 17.0.32112.339
MinimumVisualStudioVersion = 10.0.40219.1
Project("{FAE04EC0-301F-11D3-BF4B-00C04F79EFBC}") = "Repeat", "Repeat\Repeat.csproj", "{0078C8D5-11E5-4E40-8BA4-8F36D4346408}"
EndProject
Global
	GlobalSection(SolutionConfigurationPlatforms) = preSolution
		Debug|Any CPU = Debug|Any CPU
		Release|Any CPU = Release|Any CPU
	EndGlobalSection
	GlobalSection(ProjectConfigurationPlatforms) = postSolution
		{0078C8D5-11E5-4E40-8BA4-8F36D4346408}.Debug|Any CPU.ActiveCfg = Debug|Any CPU
		{0078C8D5-11E5-4E40-8BA4-8F36D4346408}.Debug|Any CPU.Build.0 = Debug|Any CPU
		{0078C8D5-11E5-4E40-8BA4-8F36D4346408}.Release|Any CPU.ActiveCfg = Release|Any CPU
		{0078C8D5-11E5-4E40-8BA4-8F36D4346408}.Release|Any CPU.Build.0 = Release|Any CPU
	EndGlobalSection
	GlobalSection(SolutionProperties) = preSolution
		HideSolutionNode = FALSE
	EndGlobalSection
	GlobalSection(ExtensibilityGlobals) = postSolution
		SolutionGuid = {48CED8CA-AA49-43C5-97ED-8218E388625C}
	EndGlobalSection
EndGlobal
